
Microsoft Visual Studio Solution File, Format Version 12.00
# Visual Studio Version 16
VisualStudioVersion = 16.0.30413.136
MinimumVisualStudioVersion = 10.0.40219.1
Project("{FAE04EC0-301F-11D3-BF4B-00C04F79EFBC}") = "CAI_Ejercicio12", "CAI_Ejercicio12\CAI_Ejercicio12.csproj", "{EEDD4E97-E279-4052-B067-8C181B3A1B76}"
EndProject
Global
	GlobalSection(SolutionConfigurationPlatforms) = preSolution
		Debug|Any CPU = Debug|Any CPU
		Release|Any CPU = Release|Any CPU
	EndGlobalSection
	GlobalSection(ProjectConfigurationPlatforms) = postSolution
		{EEDD4E97-E279-4052-B067-8C181B3A1B76}.Debug|Any CPU.ActiveCfg = Debug|Any CPU
		{EEDD4E97-E279-4052-B067-8C181B3A1B76}.Debug|Any CPU.Build.0 = Debug|Any CPU
		{EEDD4E97-E279-4052-B067-8C181B3A1B76}.Release|Any CPU.ActiveCfg = Release|Any CPU
		{EEDD4E97-E279-4052-B067-8C181B3A1B76}.Release|Any CPU.Build.0 = Release|Any CPU
	EndGlobalSection
	GlobalSection(SolutionProperties) = preSolution
		HideSolutionNode = FALSE
	EndGlobalSection
	GlobalSection(ExtensibilityGlobals) = postSolution
		SolutionGuid = {278D39CD-F4AB-4946-828B-77829BDC5738}
	EndGlobalSection
EndGlobal
